
Microsoft Visual Studio Solution File, Format Version 12.00
# Visual Studio Version 16
VisualStudioVersion = 16.0.30804.86
MinimumVisualStudioVersion = 10.0.40219.1
Project("{FAE04EC0-301F-11D3-BF4B-00C04F79EFBC}") = "ViscaLibrary", "ViscaLibrary\ViscaLibrary.csproj", "{9F6B02BA-B99A-490D-A561-393F1FF105DC}"
EndProject
Global
	GlobalSection(SolutionConfigurationPlatforms) = preSolution
		Debug|Any CPU = Debug|Any CPU
		Release|Any CPU = Release|Any CPU
	EndGlobalSection
	GlobalSection(ProjectConfigurationPlatforms) = postSolution
		{9F6B02BA-B99A-490D-A561-393F1FF105DC}.Debug|Any CPU.ActiveCfg = Debug|Any CPU
		{9F6B02BA-B99A-490D-A561-393F1FF105DC}.Debug|Any CPU.Build.0 = Debug|Any CPU
		{9F6B02BA-B99A-490D-A561-393F1FF105DC}.Release|Any CPU.ActiveCfg = Release|Any CPU
		{9F6B02BA-B99A-490D-A561-393F1FF105DC}.Release|Any CPU.Build.0 = Release|Any CPU
	EndGlobalSection
	GlobalSection(SolutionProperties) = preSolution
		HideSolutionNode = FALSE
	EndGlobalSection
	GlobalSection(ExtensibilityGlobals) = postSolution
		SolutionGuid = {DC5B6347-3AB2-4812-BE9D-48D5D9C65DF0}
	EndGlobalSection
EndGlobal
